// !$*UTF8*$!
{
	archiveVersion = 1;
	classes = {
	};
	objectVersion = 50;
	objects = {

/* Begin PBXBuildFile section */
		463869497C63F2AD857CE9CD /* Pods_FamilyArchivesUITests.framework in Frameworks */ = {isa = PBXBuildFile; fileRef = 338C443D01A7DC5B744F5031 /* Pods_FamilyArchivesUITests.framework */; };
		53E30B8AA2DC57A67FCB49FD /* Pods_FamilyArchivesTests.framework in Frameworks */ = {isa = PBXBuildFile; fileRef = A2B65698FE2492CDB8201308 /* Pods_FamilyArchivesTests.framework */; };
		95403C512272723A00DC2930 /* GoogleService-Info.plist in Resources */ = {isa = PBXBuildFile; fileRef = 95403C502272723A00DC2930 /* GoogleService-Info.plist */; };
		95403C522272723A00DC2930 /* GoogleService-Info.plist in Resources */ = {isa = PBXBuildFile; fileRef = 95403C502272723A00DC2930 /* GoogleService-Info.plist */; };
		95403C532272723A00DC2930 /* GoogleService-Info.plist in Resources */ = {isa = PBXBuildFile; fileRef = 95403C502272723A00DC2930 /* GoogleService-Info.plist */; };
		95403C5522727AC400DC2930 /* LoginViewController.swift in Sources */ = {isa = PBXBuildFile; fileRef = 95403C5422727AC400DC2930 /* LoginViewController.swift */; };
		956A39D42263CAE70014089F /* AudioViewController.swift in Sources */ = {isa = PBXBuildFile; fileRef = 956A39D32263CAE70014089F /* AudioViewController.swift */; };
		956A39D6226546390014089F /* PersonEventTableViewCell.swift in Sources */ = {isa = PBXBuildFile; fileRef = 956A39D5226546390014089F /* PersonEventTableViewCell.swift */; };
		956A39D822654CFC0014089F /* PersonEventTableViewController.swift in Sources */ = {isa = PBXBuildFile; fileRef = 956A39D722654CFC0014089F /* PersonEventTableViewController.swift */; };
		956A39DA226551330014089F /* PersonEvent.swift in Sources */ = {isa = PBXBuildFile; fileRef = 956A39D9226551330014089F /* PersonEvent.swift */; };
		95C23450225E88AD004F46A6 /* AppDelegate.swift in Sources */ = {isa = PBXBuildFile; fileRef = 95C2344F225E88AD004F46A6 /* AppDelegate.swift */; };
		95C23452225E88AD004F46A6 /* PhotoViewController.swift in Sources */ = {isa = PBXBuildFile; fileRef = 95C23451225E88AD004F46A6 /* PhotoViewController.swift */; };
		95C23455225E88AD004F46A6 /* Main.storyboard in Resources */ = {isa = PBXBuildFile; fileRef = 95C23453225E88AD004F46A6 /* Main.storyboard */; };
		95C23457225E88AE004F46A6 /* Assets.xcassets in Resources */ = {isa = PBXBuildFile; fileRef = 95C23456225E88AE004F46A6 /* Assets.xcassets */; };
		95C2345A225E88AE004F46A6 /* LaunchScreen.storyboard in Resources */ = {isa = PBXBuildFile; fileRef = 95C23458225E88AE004F46A6 /* LaunchScreen.storyboard */; };
		95C23465225E88AE004F46A6 /* FamilyArchivesTests.swift in Sources */ = {isa = PBXBuildFile; fileRef = 95C23464225E88AE004F46A6 /* FamilyArchivesTests.swift */; };
		95C23470225E88AE004F46A6 /* FamilyArchivesUITests.swift in Sources */ = {isa = PBXBuildFile; fileRef = 95C2346F225E88AE004F46A6 /* FamilyArchivesUITests.swift */; };
		F5DB0BC7FCF6E1FC45BAEEC2 /* Pods_FamilyArchives.framework in Frameworks */ = {isa = PBXBuildFile; fileRef = D993C5AC335813DFA3EE249C /* Pods_FamilyArchives.framework */; };
/* End PBXBuildFile section */

/* Begin PBXContainerItemProxy section */
		95C23461225E88AE004F46A6 /* PBXContainerItemProxy */ = {
			isa = PBXContainerItemProxy;
			containerPortal = 95C23444225E88AC004F46A6 /* Project object */;
			proxyType = 1;
			remoteGlobalIDString = 95C2344B225E88AC004F46A6;
			remoteInfo = FamilyArchives;
		};
		95C2346C225E88AE004F46A6 /* PBXContainerItemProxy */ = {
			isa = PBXContainerItemProxy;
			containerPortal = 95C23444225E88AC004F46A6 /* Project object */;
			proxyType = 1;
			remoteGlobalIDString = 95C2344B225E88AC004F46A6;
			remoteInfo = FamilyArchives;
		};
/* End PBXContainerItemProxy section */

/* Begin PBXFileReference section */
		338C443D01A7DC5B744F5031 /* Pods_FamilyArchivesUITests.framework */ = {isa = PBXFileReference; explicitFileType = wrapper.framework; includeInIndex = 0; path = Pods_FamilyArchivesUITests.framework; sourceTree = BUILT_PRODUCTS_DIR; };
		4C6A328AAA06F62DA522C5DA /* Pods-FamilyArchives.debug.xcconfig */ = {isa = PBXFileReference; includeInIndex = 1; lastKnownFileType = text.xcconfig; name = "Pods-FamilyArchives.debug.xcconfig"; path = "Target Support Files/Pods-FamilyArchives/Pods-FamilyArchives.debug.xcconfig"; sourceTree = "<group>"; };
		95403C502272723A00DC2930 /* GoogleService-Info.plist */ = {isa = PBXFileReference; fileEncoding = 4; lastKnownFileType = text.plist.xml; name = "GoogleService-Info.plist"; path = "../../../Downloads/GoogleService-Info.plist"; sourceTree = "<group>"; };
		95403C5422727AC400DC2930 /* LoginViewController.swift */ = {isa = PBXFileReference; lastKnownFileType = sourcecode.swift; path = LoginViewController.swift; sourceTree = "<group>"; };
		956A39D32263CAE70014089F /* AudioViewController.swift */ = {isa = PBXFileReference; lastKnownFileType = sourcecode.swift; path = AudioViewController.swift; sourceTree = "<group>"; };
		956A39D5226546390014089F /* PersonEventTableViewCell.swift */ = {isa = PBXFileReference; lastKnownFileType = sourcecode.swift; path = PersonEventTableViewCell.swift; sourceTree = "<group>"; };
		956A39D722654CFC0014089F /* PersonEventTableViewController.swift */ = {isa = PBXFileReference; lastKnownFileType = sourcecode.swift; path = PersonEventTableViewController.swift; sourceTree = "<group>"; };
		956A39D9226551330014089F /* PersonEvent.swift */ = {isa = PBXFileReference; lastKnownFileType = sourcecode.swift; path = PersonEvent.swift; sourceTree = "<group>"; };
		95C2344C225E88AD004F46A6 /* FamilyArchives.app */ = {isa = PBXFileReference; explicitFileType = wrapper.application; includeInIndex = 0; path = FamilyArchives.app; sourceTree = BUILT_PRODUCTS_DIR; };
		95C2344F225E88AD004F46A6 /* AppDelegate.swift */ = {isa = PBXFileReference; lastKnownFileType = sourcecode.swift; path = AppDelegate.swift; sourceTree = "<group>"; };
		95C23451225E88AD004F46A6 /* PhotoViewController.swift */ = {isa = PBXFileReference; lastKnownFileType = sourcecode.swift; path = PhotoViewController.swift; sourceTree = "<group>"; };
		95C23454225E88AD004F46A6 /* Base */ = {isa = PBXFileReference; lastKnownFileType = file.storyboard; name = Base; path = Base.lproj/Main.storyboard; sourceTree = "<group>"; };
		95C23456225E88AE004F46A6 /* Assets.xcassets */ = {isa = PBXFileReference; lastKnownFileType = folder.assetcatalog; path = Assets.xcassets; sourceTree = "<group>"; };
		95C23459225E88AE004F46A6 /* Base */ = {isa = PBXFileReference; lastKnownFileType = file.storyboard; name = Base; path = Base.lproj/LaunchScreen.storyboard; sourceTree = "<group>"; };
		95C2345B225E88AE004F46A6 /* Info.plist */ = {isa = PBXFileReference; lastKnownFileType = text.plist.xml; path = Info.plist; sourceTree = "<group>"; };
		95C23460225E88AE004F46A6 /* FamilyArchivesTests.xctest */ = {isa = PBXFileReference; explicitFileType = wrapper.cfbundle; includeInIndex = 0; path = FamilyArchivesTests.xctest; sourceTree = BUILT_PRODUCTS_DIR; };
		95C23464225E88AE004F46A6 /* FamilyArchivesTests.swift */ = {isa = PBXFileReference; lastKnownFileType = sourcecode.swift; path = FamilyArchivesTests.swift; sourceTree = "<group>"; };
		95C23466225E88AE004F46A6 /* Info.plist */ = {isa = PBXFileReference; lastKnownFileType = text.plist.xml; path = Info.plist; sourceTree = "<group>"; };
		95C2346B225E88AE004F46A6 /* FamilyArchivesUITests.xctest */ = {isa = PBXFileReference; explicitFileType = wrapper.cfbundle; includeInIndex = 0; path = FamilyArchivesUITests.xctest; sourceTree = BUILT_PRODUCTS_DIR; };
		95C2346F225E88AE004F46A6 /* FamilyArchivesUITests.swift */ = {isa = PBXFileReference; lastKnownFileType = sourcecode.swift; path = FamilyArchivesUITests.swift; sourceTree = "<group>"; };
		95C23471225E88AE004F46A6 /* Info.plist */ = {isa = PBXFileReference; lastKnownFileType = text.plist.xml; path = Info.plist; sourceTree = "<group>"; };
		A2B65698FE2492CDB8201308 /* Pods_FamilyArchivesTests.framework */ = {isa = PBXFileReference; explicitFileType = wrapper.framework; includeInIndex = 0; path = Pods_FamilyArchivesTests.framework; sourceTree = BUILT_PRODUCTS_DIR; };
		A60D2E20FD2E593BD20FA883 /* Pods-FamilyArchives.release.xcconfig */ = {isa = PBXFileReference; includeInIndex = 1; lastKnownFileType = text.xcconfig; name = "Pods-FamilyArchives.release.xcconfig"; path = "Target Support Files/Pods-FamilyArchives/Pods-FamilyArchives.release.xcconfig"; sourceTree = "<group>"; };
		A6A4FF0528DAAE0765EBDEDE /* Pods-FamilyArchivesTests.release.xcconfig */ = {isa = PBXFileReference; includeInIndex = 1; lastKnownFileType = text.xcconfig; name = "Pods-FamilyArchivesTests.release.xcconfig"; path = "Target Support Files/Pods-FamilyArchivesTests/Pods-FamilyArchivesTests.release.xcconfig"; sourceTree = "<group>"; };
		BC65D3992094472717418FF1 /* Pods-FamilyArchivesUITests.release.xcconfig */ = {isa = PBXFileReference; includeInIndex = 1; lastKnownFileType = text.xcconfig; name = "Pods-FamilyArchivesUITests.release.xcconfig"; path = "Target Support Files/Pods-FamilyArchivesUITests/Pods-FamilyArchivesUITests.release.xcconfig"; sourceTree = "<group>"; };
		CB0459CE332194820A2E5EF1 /* Pods-FamilyArchivesTests.debug.xcconfig */ = {isa = PBXFileReference; includeInIndex = 1; lastKnownFileType = text.xcconfig; name = "Pods-FamilyArchivesTests.debug.xcconfig"; path = "Target Support Files/Pods-FamilyArchivesTests/Pods-FamilyArchivesTests.debug.xcconfig"; sourceTree = "<group>"; };
		D993C5AC335813DFA3EE249C /* Pods_FamilyArchives.framework */ = {isa = PBXFileReference; explicitFileType = wrapper.framework; includeInIndex = 0; path = Pods_FamilyArchives.framework; sourceTree = BUILT_PRODUCTS_DIR; };
		FCF5EAB1F5D693DF63357689 /* Pods-FamilyArchivesUITests.debug.xcconfig */ = {isa = PBXFileReference; includeInIndex = 1; lastKnownFileType = text.xcconfig; name = "Pods-FamilyArchivesUITests.debug.xcconfig"; path = "Target Support Files/Pods-FamilyArchivesUITests/Pods-FamilyArchivesUITests.debug.xcconfig"; sourceTree = "<group>"; };
/* End PBXFileReference section */

/* Begin PBXFrameworksBuildPhase section */
		95C23449225E88AC004F46A6 /* Frameworks */ = {
			isa = PBXFrameworksBuildPhase;
			buildActionMask = 2147483647;
			files = (
				F5DB0BC7FCF6E1FC45BAEEC2 /* Pods_FamilyArchives.framework in Frameworks */,
			);
			runOnlyForDeploymentPostprocessing = 0;
		};
		95C2345D225E88AE004F46A6 /* Frameworks */ = {
			isa = PBXFrameworksBuildPhase;
			buildActionMask = 2147483647;
			files = (
				53E30B8AA2DC57A67FCB49FD /* Pods_FamilyArchivesTests.framework in Frameworks */,
			);
			runOnlyForDeploymentPostprocessing = 0;
		};
		95C23468225E88AE004F46A6 /* Frameworks */ = {
			isa = PBXFrameworksBuildPhase;
			buildActionMask = 2147483647;
			files = (
				463869497C63F2AD857CE9CD /* Pods_FamilyArchivesUITests.framework in Frameworks */,
			);
			runOnlyForDeploymentPostprocessing = 0;
		};
/* End PBXFrameworksBuildPhase section */

/* Begin PBXGroup section */
		223C84B4C202523A75F1218F /* Frameworks */ = {
			isa = PBXGroup;
			children = (
				D993C5AC335813DFA3EE249C /* Pods_FamilyArchives.framework */,
				A2B65698FE2492CDB8201308 /* Pods_FamilyArchivesTests.framework */,
				338C443D01A7DC5B744F5031 /* Pods_FamilyArchivesUITests.framework */,
			);
			name = Frameworks;
			sourceTree = "<group>";
		};
		95C23443225E88AC004F46A6 = {
			isa = PBXGroup;
			children = (
				95C2344E225E88AD004F46A6 /* FamilyArchives */,
				95C23463225E88AE004F46A6 /* FamilyArchivesTests */,
				95C2346E225E88AE004F46A6 /* FamilyArchivesUITests */,
				95C2344D225E88AD004F46A6 /* Products */,
				B9B85E3119A1D68AFB0AAF57 /* Pods */,
				223C84B4C202523A75F1218F /* Frameworks */,
			);
			sourceTree = "<group>";
		};
		95C2344D225E88AD004F46A6 /* Products */ = {
			isa = PBXGroup;
			children = (
				95C2344C225E88AD004F46A6 /* FamilyArchives.app */,
				95C23460225E88AE004F46A6 /* FamilyArchivesTests.xctest */,
				95C2346B225E88AE004F46A6 /* FamilyArchivesUITests.xctest */,
			);
			name = Products;
			sourceTree = "<group>";
		};
		95C2344E225E88AD004F46A6 /* FamilyArchives */ = {
			isa = PBXGroup;
			children = (
				95C2344F225E88AD004F46A6 /* AppDelegate.swift */,
				95C23451225E88AD004F46A6 /* PhotoViewController.swift */,
				95C23453225E88AD004F46A6 /* Main.storyboard */,
				95403C5422727AC400DC2930 /* LoginViewController.swift */,
				956A39D722654CFC0014089F /* PersonEventTableViewController.swift */,
				956A39D9226551330014089F /* PersonEvent.swift */,
				956A39D5226546390014089F /* PersonEventTableViewCell.swift */,
				956A39D32263CAE70014089F /* AudioViewController.swift */,
				95C23456225E88AE004F46A6 /* Assets.xcassets */,
				95C23458225E88AE004F46A6 /* LaunchScreen.storyboard */,
				95C2345B225E88AE004F46A6 /* Info.plist */,
				95403C502272723A00DC2930 /* GoogleService-Info.plist */,
			);
			path = FamilyArchives;
			sourceTree = "<group>";
		};
		95C23463225E88AE004F46A6 /* FamilyArchivesTests */ = {
			isa = PBXGroup;
			children = (
				95C23464225E88AE004F46A6 /* FamilyArchivesTests.swift */,
				95C23466225E88AE004F46A6 /* Info.plist */,
			);
			path = FamilyArchivesTests;
			sourceTree = "<group>";
		};
		95C2346E225E88AE004F46A6 /* FamilyArchivesUITests */ = {
			isa = PBXGroup;
			children = (
				95C2346F225E88AE004F46A6 /* FamilyArchivesUITests.swift */,
				95C23471225E88AE004F46A6 /* Info.plist */,
			);
			path = FamilyArchivesUITests;
			sourceTree = "<group>";
		};
		B9B85E3119A1D68AFB0AAF57 /* Pods */ = {
			isa = PBXGroup;
			children = (
				4C6A328AAA06F62DA522C5DA /* Pods-FamilyArchives.debug.xcconfig */,
				A60D2E20FD2E593BD20FA883 /* Pods-FamilyArchives.release.xcconfig */,
				CB0459CE332194820A2E5EF1 /* Pods-FamilyArchivesTests.debug.xcconfig */,
				A6A4FF0528DAAE0765EBDEDE /* Pods-FamilyArchivesTests.release.xcconfig */,
				FCF5EAB1F5D693DF63357689 /* Pods-FamilyArchivesUITests.debug.xcconfig */,
				BC65D3992094472717418FF1 /* Pods-FamilyArchivesUITests.release.xcconfig */,
			);
			path = Pods;
			sourceTree = "<group>";
		};
/* End PBXGroup section */

/* Begin PBXNativeTarget section */
		95C2344B225E88AC004F46A6 /* FamilyArchives */ = {
			isa = PBXNativeTarget;
			buildConfigurationList = 95C23474225E88AE004F46A6 /* Build configuration list for PBXNativeTarget "FamilyArchives" */;
			buildPhases = (
				494435B307B3A41E983BD8B6 /* [CP] Check Pods Manifest.lock */,
				95C23448225E88AC004F46A6 /* Sources */,
				95C23449225E88AC004F46A6 /* Frameworks */,
				95C2344A225E88AC004F46A6 /* Resources */,
				3EAE3100ADD966E124C58A8B /* [CP] Embed Pods Frameworks */,
				63C1B152FF227A8C85A81813 /* [CP] Copy Pods Resources */,
			);
			buildRules = (
			);
			dependencies = (
			);
			name = FamilyArchives;
			productName = FamilyArchives;
			productReference = 95C2344C225E88AD004F46A6 /* FamilyArchives.app */;
			productType = "com.apple.product-type.application";
		};
		95C2345F225E88AE004F46A6 /* FamilyArchivesTests */ = {
			isa = PBXNativeTarget;
			buildConfigurationList = 95C23477225E88AE004F46A6 /* Build configuration list for PBXNativeTarget "FamilyArchivesTests" */;
			buildPhases = (
				4DE90BB14A92D8ABF12378B3 /* [CP] Check Pods Manifest.lock */,
				95C2345C225E88AE004F46A6 /* Sources */,
				95C2345D225E88AE004F46A6 /* Frameworks */,
				95C2345E225E88AE004F46A6 /* Resources */,
			);
			buildRules = (
			);
			dependencies = (
				95C23462225E88AE004F46A6 /* PBXTargetDependency */,
			);
			name = FamilyArchivesTests;
			productName = FamilyArchivesTests;
			productReference = 95C23460225E88AE004F46A6 /* FamilyArchivesTests.xctest */;
			productType = "com.apple.product-type.bundle.unit-test";
		};
		95C2346A225E88AE004F46A6 /* FamilyArchivesUITests */ = {
			isa = PBXNativeTarget;
			buildConfigurationList = 95C2347A225E88AE004F46A6 /* Build configuration list for PBXNativeTarget "FamilyArchivesUITests" */;
			buildPhases = (
				38CD193A18C06593280A4650 /* [CP] Check Pods Manifest.lock */,
				95C23467225E88AE004F46A6 /* Sources */,
				95C23468225E88AE004F46A6 /* Frameworks */,
				95C23469225E88AE004F46A6 /* Resources */,
			);
			buildRules = (
			);
			dependencies = (
				95C2346D225E88AE004F46A6 /* PBXTargetDependency */,
			);
			name = FamilyArchivesUITests;
			productName = FamilyArchivesUITests;
			productReference = 95C2346B225E88AE004F46A6 /* FamilyArchivesUITests.xctest */;
			productType = "com.apple.product-type.bundle.ui-testing";
		};
/* End PBXNativeTarget section */

/* Begin PBXProject section */
		95C23444225E88AC004F46A6 /* Project object */ = {
			isa = PBXProject;
			attributes = {
				LastSwiftUpdateCheck = 1010;
				LastUpgradeCheck = 1010;
				ORGANIZATIONNAME = "Zoe Henry";
				TargetAttributes = {
					95C2344B225E88AC004F46A6 = {
						CreatedOnToolsVersion = 10.1;
					};
					95C2345F225E88AE004F46A6 = {
						CreatedOnToolsVersion = 10.1;
						TestTargetID = 95C2344B225E88AC004F46A6;
					};
					95C2346A225E88AE004F46A6 = {
						CreatedOnToolsVersion = 10.1;
						TestTargetID = 95C2344B225E88AC004F46A6;
					};
				};
			};
			buildConfigurationList = 95C23447225E88AC004F46A6 /* Build configuration list for PBXProject "FamilyArchives" */;
			compatibilityVersion = "Xcode 9.3";
			developmentRegion = en;
			hasScannedForEncodings = 0;
			knownRegions = (
				en,
				Base,
			);
			mainGroup = 95C23443225E88AC004F46A6;
			productRefGroup = 95C2344D225E88AD004F46A6 /* Products */;
			projectDirPath = "";
			projectRoot = "";
			targets = (
				95C2344B225E88AC004F46A6 /* FamilyArchives */,
				95C2345F225E88AE004F46A6 /* FamilyArchivesTests */,
				95C2346A225E88AE004F46A6 /* FamilyArchivesUITests */,
			);
		};
/* End PBXProject section */

/* Begin PBXResourcesBuildPhase section */
		95C2344A225E88AC004F46A6 /* Resources */ = {
			isa = PBXResourcesBuildPhase;
			buildActionMask = 2147483647;
			files = (
				95C2345A225E88AE004F46A6 /* LaunchScreen.storyboard in Resources */,
				95403C512272723A00DC2930 /* GoogleService-Info.plist in Resources */,
				95C23457225E88AE004F46A6 /* Assets.xcassets in Resources */,
				95C23455225E88AD004F46A6 /* Main.storyboard in Resources */,
			);
			runOnlyForDeploymentPostprocessing = 0;
		};
		95C2345E225E88AE004F46A6 /* Resources */ = {
			isa = PBXResourcesBuildPhase;
			buildActionMask = 2147483647;
			files = (
				95403C522272723A00DC2930 /* GoogleService-Info.plist in Resources */,
			);
			runOnlyForDeploymentPostprocessing = 0;
		};
		95C23469225E88AE004F46A6 /* Resources */ = {
			isa = PBXResourcesBuildPhase;
			buildActionMask = 2147483647;
			files = (
				95403C532272723A00DC2930 /* GoogleService-Info.plist in Resources */,
			);
			runOnlyForDeploymentPostprocessing = 0;
		};
/* End PBXResourcesBuildPhase section */

/* Begin PBXShellScriptBuildPhase section */
		38CD193A18C06593280A4650 /* [CP] Check Pods Manifest.lock */ = {
			isa = PBXShellScriptBuildPhase;
			buildActionMask = 2147483647;
			files = (
			);
			inputFileListPaths = (
			);
			inputPaths = (
				"${PODS_PODFILE_DIR_PATH}/Podfile.lock",
				"${PODS_ROOT}/Manifest.lock",
			);
			name = "[CP] Check Pods Manifest.lock";
			outputFileListPaths = (
			);
			outputPaths = (
				"$(DERIVED_FILE_DIR)/Pods-FamilyArchivesUITests-checkManifestLockResult.txt",
			);
			runOnlyForDeploymentPostprocessing = 0;
			shellPath = /bin/sh;
			shellScript = "diff \"${PODS_PODFILE_DIR_PATH}/Podfile.lock\" \"${PODS_ROOT}/Manifest.lock\" > /dev/null\nif [ $? != 0 ] ; then\n    # print error to STDERR\n    echo \"error: The sandbox is not in sync with the Podfile.lock. Run 'pod install' or update your CocoaPods installation.\" >&2\n    exit 1\nfi\n# This output is used by Xcode 'outputs' to avoid re-running this script phase.\necho \"SUCCESS\" > \"${SCRIPT_OUTPUT_FILE_0}\"\n";
			showEnvVarsInLog = 0;
		};
		3EAE3100ADD966E124C58A8B /* [CP] Embed Pods Frameworks */ = {
			isa = PBXShellScriptBuildPhase;
			buildActionMask = 2147483647;
			files = (
			);
			inputFileListPaths = (
			);
			inputPaths = (
				"${PODS_ROOT}/Target Support Files/Pods-FamilyArchives/Pods-FamilyArchives-frameworks.sh",
				"${BUILT_PRODUCTS_DIR}/GTMSessionFetcher/GTMSessionFetcher.framework",
				"${BUILT_PRODUCTS_DIR}/GoogleUtilities/GoogleUtilities.framework",
				"${BUILT_PRODUCTS_DIR}/nanopb/nanopb.framework",
			);
			name = "[CP] Embed Pods Frameworks";
			outputFileListPaths = (
			);
			outputPaths = (
				"${TARGET_BUILD_DIR}/${FRAMEWORKS_FOLDER_PATH}/GTMSessionFetcher.framework",
				"${TARGET_BUILD_DIR}/${FRAMEWORKS_FOLDER_PATH}/GoogleUtilities.framework",
				"${TARGET_BUILD_DIR}/${FRAMEWORKS_FOLDER_PATH}/nanopb.framework",
			);
			runOnlyForDeploymentPostprocessing = 0;
			shellPath = /bin/sh;
			shellScript = "\"${PODS_ROOT}/Target Support Files/Pods-FamilyArchives/Pods-FamilyArchives-frameworks.sh\"\n";
			showEnvVarsInLog = 0;
		};
		494435B307B3A41E983BD8B6 /* [CP] Check Pods Manifest.lock */ = {
			isa = PBXShellScriptBuildPhase;
			buildActionMask = 2147483647;
			files = (
			);
			inputFileListPaths = (
			);
			inputPaths = (
				"${PODS_PODFILE_DIR_PATH}/Podfile.lock",
				"${PODS_ROOT}/Manifest.lock",
			);
			name = "[CP] Check Pods Manifest.lock";
			outputFileListPaths = (
			);
			outputPaths = (
				"$(DERIVED_FILE_DIR)/Pods-FamilyArchives-checkManifestLockResult.txt",
			);
			runOnlyForDeploymentPostprocessing = 0;
			shellPath = /bin/sh;
			shellScript = "diff \"${PODS_PODFILE_DIR_PATH}/Podfile.lock\" \"${PODS_ROOT}/Manifest.lock\" > /dev/null\nif [ $? != 0 ] ; then\n    # print error to STDERR\n    echo \"error: The sandbox is not in sync with the Podfile.lock. Run 'pod install' or update your CocoaPods installation.\" >&2\n    exit 1\nfi\n# This output is used by Xcode 'outputs' to avoid re-running this script phase.\necho \"SUCCESS\" > \"${SCRIPT_OUTPUT_FILE_0}\"\n";
			showEnvVarsInLog = 0;
		};
		4DE90BB14A92D8ABF12378B3 /* [CP] Check Pods Manifest.lock */ = {
			isa = PBXShellScriptBuildPhase;
			buildActionMask = 2147483647;
			files = (
			);
			inputFileListPaths = (
			);
			inputPaths = (
				"${PODS_PODFILE_DIR_PATH}/Podfile.lock",
				"${PODS_ROOT}/Manifest.lock",
			);
			name = "[CP] Check Pods Manifest.lock";
			outputFileListPaths = (
			);
			outputPaths = (
				"$(DERIVED_FILE_DIR)/Pods-FamilyArchivesTests-checkManifestLockResult.txt",
			);
			runOnlyForDeploymentPostprocessing = 0;
			shellPath = /bin/sh;
			shellScript = "diff \"${PODS_PODFILE_DIR_PATH}/Podfile.lock\" \"${PODS_ROOT}/Manifest.lock\" > /dev/null\nif [ $? != 0 ] ; then\n    # print error to STDERR\n    echo \"error: The sandbox is not in sync with the Podfile.lock. Run 'pod install' or update your CocoaPods installation.\" >&2\n    exit 1\nfi\n# This output is used by Xcode 'outputs' to avoid re-running this script phase.\necho \"SUCCESS\" > \"${SCRIPT_OUTPUT_FILE_0}\"\n";
			showEnvVarsInLog = 0;
		};
		63C1B152FF227A8C85A81813 /* [CP] Copy Pods Resources */ = {
			isa = PBXShellScriptBuildPhase;
			buildActionMask = 2147483647;
			files = (
			);
			inputFileListPaths = (
			);
			inputPaths = (
				"${PODS_ROOT}/Target Support Files/Pods-FamilyArchives/Pods-FamilyArchives-resources.sh",
				"${PODS_CONFIGURATION_BUILD_DIR}/FirebaseUI/FirebaseAuthUI.bundle",
				"${PODS_CONFIGURATION_BUILD_DIR}/FirebaseUI/FirebaseEmailAuthUI.bundle",
			);
			name = "[CP] Copy Pods Resources";
			outputFileListPaths = (
			);
			outputPaths = (
				"${TARGET_BUILD_DIR}/${UNLOCALIZED_RESOURCES_FOLDER_PATH}/FirebaseAuthUI.bundle",
				"${TARGET_BUILD_DIR}/${UNLOCALIZED_RESOURCES_FOLDER_PATH}/FirebaseEmailAuthUI.bundle",
			);
			runOnlyForDeploymentPostprocessing = 0;
			shellPath = /bin/sh;
			shellScript = "\"${PODS_ROOT}/Target Support Files/Pods-FamilyArchives/Pods-FamilyArchives-resources.sh\"\n";
			showEnvVarsInLog = 0;
		};
/* End PBXShellScriptBuildPhase section */

/* Begin PBXSourcesBuildPhase section */
		95C23448225E88AC004F46A6 /* Sources */ = {
			isa = PBXSourcesBuildPhase;
			buildActionMask = 2147483647;
			files = (
				95403C5522727AC400DC2930 /* LoginViewController.swift in Sources */,
				956A39D822654CFC0014089F /* PersonEventTableViewController.swift in Sources */,
				95C23452225E88AD004F46A6 /* PhotoViewController.swift in Sources */,
				956A39D6226546390014089F /* PersonEventTableViewCell.swift in Sources */,
				956A39DA226551330014089F /* PersonEvent.swift in Sources */,
				95C23450225E88AD004F46A6 /* AppDelegate.swift in Sources */,
				956A39D42263CAE70014089F /* AudioViewController.swift in Sources */,
			);
			runOnlyForDeploymentPostprocessing = 0;
		};
		95C2345C225E88AE004F46A6 /* Sources */ = {
			isa = PBXSourcesBuildPhase;
			buildActionMask = 2147483647;
			files = (
				95C23465225E88AE004F46A6 /* FamilyArchivesTests.swift in Sources */,
			);
			runOnlyForDeploymentPostprocessing = 0;
		};
		95C23467225E88AE004F46A6 /* Sources */ = {
			isa = PBXSourcesBuildPhase;
			buildActionMask = 2147483647;
			files = (
				95C23470225E88AE004F46A6 /* FamilyArchivesUITests.swift in Sources */,
			);
			runOnlyForDeploymentPostprocessing = 0;
		};
/* End PBXSourcesBuildPhase section */

/* Begin PBXTargetDependency section */
		95C23462225E88AE004F46A6 /* PBXTargetDependency */ = {
			isa = PBXTargetDependency;
			target = 95C2344B225E88AC004F46A6 /* FamilyArchives */;
			targetProxy = 95C23461225E88AE004F46A6 /* PBXContainerItemProxy */;
		};
		95C2346D225E88AE004F46A6 /* PBXTargetDependency */ = {
			isa = PBXTargetDependency;
			target = 95C2344B225E88AC004F46A6 /* FamilyArchives */;
			targetProxy = 95C2346C225E88AE004F46A6 /* PBXContainerItemProxy */;
		};
/* End PBXTargetDependency section */

/* Begin PBXVariantGroup section */
		95C23453225E88AD004F46A6 /* Main.storyboard */ = {
			isa = PBXVariantGroup;
			children = (
				95C23454225E88AD004F46A6 /* Base */,
			);
			name = Main.storyboard;
			sourceTree = "<group>";
		};
		95C23458225E88AE004F46A6 /* LaunchScreen.storyboard */ = {
			isa = PBXVariantGroup;
			children = (
				95C23459225E88AE004F46A6 /* Base */,
			);
			name = LaunchScreen.storyboard;
			sourceTree = "<group>";
		};
/* End PBXVariantGroup section */

/* Begin XCBuildConfiguration section */
		95C23472225E88AE004F46A6 /* Debug */ = {
			isa = XCBuildConfiguration;
			buildSettings = {
				ALWAYS_SEARCH_USER_PATHS = NO;
				CLANG_ANALYZER_NONNULL = YES;
				CLANG_ANALYZER_NUMBER_OBJECT_CONVERSION = YES_AGGRESSIVE;
				CLANG_CXX_LANGUAGE_STANDARD = "gnu++14";
				CLANG_CXX_LIBRARY = "libc++";
				CLANG_ENABLE_MODULES = YES;
				CLANG_ENABLE_OBJC_ARC = YES;
				CLANG_ENABLE_OBJC_WEAK = YES;
				CLANG_WARN_BLOCK_CAPTURE_AUTORELEASING = YES;
				CLANG_WARN_BOOL_CONVERSION = YES;
				CLANG_WARN_COMMA = YES;
				CLANG_WARN_CONSTANT_CONVERSION = YES;
				CLANG_WARN_DEPRECATED_OBJC_IMPLEMENTATIONS = YES;
				CLANG_WARN_DIRECT_OBJC_ISA_USAGE = YES_ERROR;
				CLANG_WARN_DOCUMENTATION_COMMENTS = YES;
				CLANG_WARN_EMPTY_BODY = YES;
				CLANG_WARN_ENUM_CONVERSION = YES;
				CLANG_WARN_INFINITE_RECURSION = YES;
				CLANG_WARN_INT_CONVERSION = YES;
				CLANG_WARN_NON_LITERAL_NULL_CONVERSION = YES;
				CLANG_WARN_OBJC_IMPLICIT_RETAIN_SELF = YES;
				CLANG_WARN_OBJC_LITERAL_CONVERSION = YES;
				CLANG_WARN_OBJC_ROOT_CLASS = YES_ERROR;
				CLANG_WARN_RANGE_LOOP_ANALYSIS = YES;
				CLANG_WARN_STRICT_PROTOTYPES = YES;
				CLANG_WARN_SUSPICIOUS_MOVE = YES;
				CLANG_WARN_UNGUARDED_AVAILABILITY = YES_AGGRESSIVE;
				CLANG_WARN_UNREACHABLE_CODE = YES;
				CLANG_WARN__DUPLICATE_METHOD_MATCH = YES;
				CODE_SIGN_IDENTITY = "iPhone Developer";
				COPY_PHASE_STRIP = NO;
				DEBUG_INFORMATION_FORMAT = dwarf;
				ENABLE_STRICT_OBJC_MSGSEND = YES;
				ENABLE_TESTABILITY = YES;
				GCC_C_LANGUAGE_STANDARD = gnu11;
				GCC_DYNAMIC_NO_PIC = NO;
				GCC_NO_COMMON_BLOCKS = YES;
				GCC_OPTIMIZATION_LEVEL = 0;
				GCC_PREPROCESSOR_DEFINITIONS = (
					"DEBUG=1",
					"$(inherited)",
				);
				GCC_WARN_64_TO_32_BIT_CONVERSION = YES;
				GCC_WARN_ABOUT_RETURN_TYPE = YES_ERROR;
				GCC_WARN_UNDECLARED_SELECTOR = YES;
				GCC_WARN_UNINITIALIZED_AUTOS = YES_AGGRESSIVE;
				GCC_WARN_UNUSED_FUNCTION = YES;
				GCC_WARN_UNUSED_VARIABLE = YES;
				IPHONEOS_DEPLOYMENT_TARGET = 12.1;
				MTL_ENABLE_DEBUG_INFO = INCLUDE_SOURCE;
				MTL_FAST_MATH = YES;
				ONLY_ACTIVE_ARCH = YES;
				SDKROOT = iphoneos;
				SWIFT_ACTIVE_COMPILATION_CONDITIONS = DEBUG;
				SWIFT_OPTIMIZATION_LEVEL = "-Onone";
			};
			name = Debug;
		};
		95C23473225E88AE004F46A6 /* Release */ = {
			isa = XCBuildConfiguration;
			buildSettings = {
				ALWAYS_SEARCH_USER_PATHS = NO;
				CLANG_ANALYZER_NONNULL = YES;
				CLANG_ANALYZER_NUMBER_OBJECT_CONVERSION = YES_AGGRESSIVE;
				CLANG_CXX_LANGUAGE_STANDARD = "gnu++14";
				CLANG_CXX_LIBRARY = "libc++";
				CLANG_ENABLE_MODULES = YES;
				CLANG_ENABLE_OBJC_ARC = YES;
				CLANG_ENABLE_OBJC_WEAK = YES;
				CLANG_WARN_BLOCK_CAPTURE_AUTORELEASING = YES;
				CLANG_WARN_BOOL_CONVERSION = YES;
				CLANG_WARN_COMMA = YES;
				CLANG_WARN_CONSTANT_CONVERSION = YES;
				CLANG_WARN_DEPRECATED_OBJC_IMPLEMENTATIONS = YES;
				CLANG_WARN_DIRECT_OBJC_ISA_USAGE = YES_ERROR;
				CLANG_WARN_DOCUMENTATION_COMMENTS = YES;
				CLANG_WARN_EMPTY_BODY = YES;
				CLANG_WARN_ENUM_CONVERSION = YES;
				CLANG_WARN_INFINITE_RECURSION = YES;
				CLANG_WARN_INT_CONVERSION = YES;
				CLANG_WARN_NON_LITERAL_NULL_CONVERSION = YES;
				CLANG_WARN_OBJC_IMPLICIT_RETAIN_SELF = YES;
				CLANG_WARN_OBJC_LITERAL_CONVERSION = YES;
				CLANG_WARN_OBJC_ROOT_CLASS = YES_ERROR;
				CLANG_WARN_RANGE_LOOP_ANALYSIS = YES;
				CLANG_WARN_STRICT_PROTOTYPES = YES;
				CLANG_WARN_SUSPICIOUS_MOVE = YES;
				CLANG_WARN_UNGUARDED_AVAILABILITY = YES_AGGRESSIVE;
				CLANG_WARN_UNREACHABLE_CODE = YES;
				CLANG_WARN__DUPLICATE_METHOD_MATCH = YES;
				CODE_SIGN_IDENTITY = "iPhone Developer";
				COPY_PHASE_STRIP = NO;
				DEBUG_INFORMATION_FORMAT = "dwarf-with-dsym";
				ENABLE_NS_ASSERTIONS = NO;
				ENABLE_STRICT_OBJC_MSGSEND = YES;
				GCC_C_LANGUAGE_STANDARD = gnu11;
				GCC_NO_COMMON_BLOCKS = YES;
				GCC_WARN_64_TO_32_BIT_CONVERSION = YES;
				GCC_WARN_ABOUT_RETURN_TYPE = YES_ERROR;
				GCC_WARN_UNDECLARED_SELECTOR = YES;
				GCC_WARN_UNINITIALIZED_AUTOS = YES_AGGRESSIVE;
				GCC_WARN_UNUSED_FUNCTION = YES;
				GCC_WARN_UNUSED_VARIABLE = YES;
				IPHONEOS_DEPLOYMENT_TARGET = 12.1;
				MTL_ENABLE_DEBUG_INFO = NO;
				MTL_FAST_MATH = YES;
				SDKROOT = iphoneos;
				SWIFT_COMPILATION_MODE = wholemodule;
				SWIFT_OPTIMIZATION_LEVEL = "-O";
				VALIDATE_PRODUCT = YES;
			};
			name = Release;
		};
		95C23475225E88AE004F46A6 /* Debug */ = {
			isa = XCBuildConfiguration;
			baseConfigurationReference = 4C6A328AAA06F62DA522C5DA /* Pods-FamilyArchives.debug.xcconfig */;
			buildSettings = {
				ASSETCATALOG_COMPILER_APPICON_NAME = AppIcon;
				CODE_SIGN_STYLE = Automatic;
				DEVELOPMENT_TEAM = JZ67Q2LW3D;
				INFOPLIST_FILE = FamilyArchives/Info.plist;
				LD_RUNPATH_SEARCH_PATHS = (
					"$(inherited)",
					"@executable_path/Frameworks",
				);
				PRODUCT_BUNDLE_IDENTIFIER = edu.yale.cs490.zmh4.FamilyArchives;
				PRODUCT_NAME = "$(TARGET_NAME)";
				SWIFT_VERSION = 4.2;
				TARGETED_DEVICE_FAMILY = "1,2";
			};
			name = Debug;
		};
		95C23476225E88AE004F46A6 /* Release */ = {
			isa = XCBuildConfiguration;
			baseConfigurationReference = A60D2E20FD2E593BD20FA883 /* Pods-FamilyArchives.release.xcconfig */;
			buildSettings = {
				ASSETCATALOG_COMPILER_APPICON_NAME = AppIcon;
				CODE_SIGN_STYLE = Automatic;
				DEVELOPMENT_TEAM = JZ67Q2LW3D;
				INFOPLIST_FILE = FamilyArchives/Info.plist;
				LD_RUNPATH_SEARCH_PATHS = (
					"$(inherited)",
					"@executable_path/Frameworks",
				);
				PRODUCT_BUNDLE_IDENTIFIER = edu.yale.cs490.zmh4.FamilyArchives;
				PRODUCT_NAME = "$(TARGET_NAME)";
				SWIFT_VERSION = 4.2;
				TARGETED_DEVICE_FAMILY = "1,2";
			};
			name = Release;
		};
		95C23478225E88AE004F46A6 /* Debug */ = {
			isa = XCBuildConfiguration;
			baseConfigurationReference = CB0459CE332194820A2E5EF1 /* Pods-FamilyArchivesTests.debug.xcconfig */;
			buildSettings = {
				ALWAYS_EMBED_SWIFT_STANDARD_LIBRARIES = YES;
				BUNDLE_LOADER = "$(TEST_HOST)";
				CODE_SIGN_STYLE = Automatic;
				DEVELOPMENT_TEAM = JZ67Q2LW3D;
				INFOPLIST_FILE = FamilyArchivesTests/Info.plist;
				LD_RUNPATH_SEARCH_PATHS = (
					"$(inherited)",
					"@executable_path/Frameworks",
					"@loader_path/Frameworks",
				);
				PRODUCT_BUNDLE_IDENTIFIER = edu.yale.cs490.zmh4.FamilyArchivesTests;
				PRODUCT_NAME = "$(TARGET_NAME)";
				SWIFT_VERSION = 4.2;
				TARGETED_DEVICE_FAMILY = "1,2";
				TEST_HOST = "$(BUILT_PRODUCTS_DIR)/FamilyArchives.app/FamilyArchives";
			};
			name = Debug;
		};
		95C23479225E88AE004F46A6 /* Release */ = {
			isa = XCBuildConfiguration;
			baseConfigurationReference = A6A4FF0528DAAE0765EBDEDE /* Pods-FamilyArchivesTests.release.xcconfig */;
			buildSettings = {
				ALWAYS_EMBED_SWIFT_STANDARD_LIBRARIES = YES;
				BUNDLE_LOADER = "$(TEST_HOST)";
				CODE_SIGN_STYLE = Automatic;
				DEVELOPMENT_TEAM = JZ67Q2LW3D;
				INFOPLIST_FILE = FamilyArchivesTests/Info.plist;
				LD_RUNPATH_SEARCH_PATHS = (
					"$(inherited)",
					"@executable_path/Frameworks",
					"@loader_path/Frameworks",
				);
				PRODUCT_BUNDLE_IDENTIFIER = edu.yale.cs490.zmh4.FamilyArchivesTests;
				PRODUCT_NAME = "$(TARGET_NAME)";
				SWIFT_VERSION = 4.2;
				TARGETED_DEVICE_FAMILY = "1,2";
				TEST_HOST = "$(BUILT_PRODUCTS_DIR)/FamilyArchives.app/FamilyArchives";
			};
			name = Release;
		};
		95C2347B225E88AE004F46A6 /* Debug */ = {
			isa = XCBuildConfiguration;
			baseConfigurationReference = FCF5EAB1F5D693DF63357689 /* Pods-FamilyArchivesUITests.debug.xcconfig */;
			buildSettings = {
				ALWAYS_EMBED_SWIFT_STANDARD_LIBRARIES = YES;
				CODE_SIGN_STYLE = Automatic;
				DEVELOPMENT_TEAM = JZ67Q2LW3D;
				INFOPLIST_FILE = FamilyArchivesUITests/Info.plist;
				LD_RUNPATH_SEARCH_PATHS = (
					"$(inherited)",
					"@executable_path/Frameworks",
					"@loader_path/Frameworks",
				);
				PRODUCT_BUNDLE_IDENTIFIER = edu.yale.cs490.zmh4.FamilyArchivesUITests;
				PRODUCT_NAME = "$(TARGET_NAME)";
				SWIFT_VERSION = 4.2;
				TARGETED_DEVICE_FAMILY = "1,2";
				TEST_TARGET_NAME = FamilyArchives;
			};
			name = Debug;
		};
		95C2347C225E88AE004F46A6 /* Release */ = {
			isa = XCBuildConfiguration;
			baseConfigurationReference = BC65D3992094472717418FF1 /* Pods-FamilyArchivesUITests.release.xcconfig */;
			buildSettings = {
				ALWAYS_EMBED_SWIFT_STANDARD_LIBRARIES = YES;
				CODE_SIGN_STYLE = Automatic;
				DEVELOPMENT_TEAM = JZ67Q2LW3D;
				INFOPLIST_FILE = FamilyArchivesUITests/Info.plist;
				LD_RUNPATH_SEARCH_PATHS = (
					"$(inherited)",
					"@executable_path/Frameworks",
					"@loader_path/Frameworks",
				);
				PRODUCT_BUNDLE_IDENTIFIER = edu.yale.cs490.zmh4.FamilyArchivesUITests;
				PRODUCT_NAME = "$(TARGET_NAME)";
				SWIFT_VERSION = 4.2;
				TARGETED_DEVICE_FAMILY = "1,2";
				TEST_TARGET_NAME = FamilyArchives;
			};
			name = Release;
		};
/* End XCBuildConfiguration section */

/* Begin XCConfigurationList section */
		95C23447225E88AC004F46A6 /* Build configuration list for PBXProject "FamilyArchives" */ = {
			isa = XCConfigurationList;
			buildConfigurations = (
				95C23472225E88AE004F46A6 /* Debug */,
				95C23473225E88AE004F46A6 /* Release */,
			);
			defaultConfigurationIsVisible = 0;
			defaultConfigurationName = Release;
		};
		95C23474225E88AE004F46A6 /* Build configuration list for PBXNativeTarget "FamilyArchives" */ = {
			isa = XCConfigurationList;
			buildConfigurations = (
				95C23475225E88AE004F46A6 /* Debug */,
				95C23476225E88AE004F46A6 /* Release */,
			);
			defaultConfigurationIsVisible = 0;
			defaultConfigurationName = Release;
		};
		95C23477225E88AE004F46A6 /* Build configuration list for PBXNativeTarget "FamilyArchivesTests" */ = {
			isa = XCConfigurationList;
			buildConfigurations = (
				95C23478225E88AE004F46A6 /* Debug */,
				95C23479225E88AE004F46A6 /* Release */,
			);
			defaultConfigurationIsVisible = 0;
			defaultConfigurationName = Release;
		};
		95C2347A225E88AE004F46A6 /* Build configuration list for PBXNativeTarget "FamilyArchivesUITests" */ = {
			isa = XCConfigurationList;
			buildConfigurations = (
				95C2347B225E88AE004F46A6 /* Debug */,
				95C2347C225E88AE004F46A6 /* Release */,
			);
			defaultConfigurationIsVisible = 0;
			defaultConfigurationName = Release;
		};
/* End XCConfigurationList section */
	};
	rootObject = 95C23444225E88AC004F46A6 /* Project object */;
}
